// !$*UTF8*$!
{
	archiveVersion = 1;
	classes = {
	};
	objectVersion = 50;
	objects = {

/* Begin PBXBuildFile section */
		1100758A216224B700A10A44 /* AppDelegate.swift in Sources */ = {isa = PBXBuildFile; fileRef = 11007589216224B700A10A44 /* AppDelegate.swift */; };
		1100758C216224B700A10A44 /* ViewController.swift in Sources */ = {isa = PBXBuildFile; fileRef = 1100758B216224B700A10A44 /* ViewController.swift */; };
		1100758F216224B700A10A44 /* Main.storyboard in Resources */ = {isa = PBXBuildFile; fileRef = 1100758D216224B700A10A44 /* Main.storyboard */; };
		11007591216224BA00A10A44 /* Assets.xcassets in Resources */ = {isa = PBXBuildFile; fileRef = 11007590216224BA00A10A44 /* Assets.xcassets */; };
		11007594216224BA00A10A44 /* LaunchScreen.storyboard in Resources */ = {isa = PBXBuildFile; fileRef = 11007592216224BA00A10A44 /* LaunchScreen.storyboard */; };
		1100759F216224BA00A10A44 /* FabelizerTests.swift in Sources */ = {isa = PBXBuildFile; fileRef = 1100759E216224BA00A10A44 /* FabelizerTests.swift */; };
		110075AA216224BA00A10A44 /* FabelizerUITests.swift in Sources */ = {isa = PBXBuildFile; fileRef = 110075A9216224BA00A10A44 /* FabelizerUITests.swift */; };
/* End PBXBuildFile section */

/* Begin PBXContainerItemProxy section */
		1100759B216224BA00A10A44 /* PBXContainerItemProxy */ = {
			isa = PBXContainerItemProxy;
			containerPortal = 1100757E216224B700A10A44 /* Project object */;
			proxyType = 1;
			remoteGlobalIDString = 11007585216224B700A10A44;
			remoteInfo = Fabelizer;
		};
		110075A6216224BA00A10A44 /* PBXContainerItemProxy */ = {
			isa = PBXContainerItemProxy;
			containerPortal = 1100757E216224B700A10A44 /* Project object */;
			proxyType = 1;
			remoteGlobalIDString = 11007585216224B700A10A44;
			remoteInfo = Fabelizer;
		};
/* End PBXContainerItemProxy section */

/* Begin PBXFileReference section */
		11007586216224B700A10A44 /* Fabelizer.app */ = {isa = PBXFileReference; explicitFileType = wrapper.application; includeInIndex = 0; path = Fabelizer.app; sourceTree = BUILT_PRODUCTS_DIR; };
		11007589216224B700A10A44 /* AppDelegate.swift */ = {isa = PBXFileReference; lastKnownFileType = sourcecode.swift; path = AppDelegate.swift; sourceTree = "<group>"; };
		1100758B216224B700A10A44 /* ViewController.swift */ = {isa = PBXFileReference; lastKnownFileType = sourcecode.swift; path = ViewController.swift; sourceTree = "<group>"; };
		1100758E216224B700A10A44 /* Base */ = {isa = PBXFileReference; lastKnownFileType = file.storyboard; name = Base; path = Base.lproj/Main.storyboard; sourceTree = "<group>"; };
		11007590216224BA00A10A44 /* Assets.xcassets */ = {isa = PBXFileReference; lastKnownFileType = folder.assetcatalog; path = Assets.xcassets; sourceTree = "<group>"; };
		11007593216224BA00A10A44 /* Base */ = {isa = PBXFileReference; lastKnownFileType = file.storyboard; name = Base; path = Base.lproj/LaunchScreen.storyboard; sourceTree = "<group>"; };
		11007595216224BA00A10A44 /* Info.plist */ = {isa = PBXFileReference; lastKnownFileType = text.plist.xml; path = Info.plist; sourceTree = "<group>"; };
		1100759A216224BA00A10A44 /* FabelizerTests.xctest */ = {isa = PBXFileReference; explicitFileType = wrapper.cfbundle; includeInIndex = 0; path = FabelizerTests.xctest; sourceTree = BUILT_PRODUCTS_DIR; };
		1100759E216224BA00A10A44 /* FabelizerTests.swift */ = {isa = PBXFileReference; lastKnownFileType = sourcecode.swift; path = FabelizerTests.swift; sourceTree = "<group>"; };
		110075A0216224BA00A10A44 /* Info.plist */ = {isa = PBXFileReference; lastKnownFileType = text.plist.xml; path = Info.plist; sourceTree = "<group>"; };
		110075A5216224BA00A10A44 /* FabelizerUITests.xctest */ = {isa = PBXFileReference; explicitFileType = wrapper.cfbundle; includeInIndex = 0; path = FabelizerUITests.xctest; sourceTree = BUILT_PRODUCTS_DIR; };
		110075A9216224BA00A10A44 /* FabelizerUITests.swift */ = {isa = PBXFileReference; lastKnownFileType = sourcecode.swift; path = FabelizerUITests.swift; sourceTree = "<group>"; };
		110075AB216224BA00A10A44 /* Info.plist */ = {isa = PBXFileReference; lastKnownFileType = text.plist.xml; path = Info.plist; sourceTree = "<group>"; };
/* End PBXFileReference section */

/* Begin PBXFrameworksBuildPhase section */
		11007583216224B700A10A44 /* Frameworks */ = {
			isa = PBXFrameworksBuildPhase;
			buildActionMask = 2147483647;
			files = (
			);
			runOnlyForDeploymentPostprocessing = 0;
		};
		11007597216224BA00A10A44 /* Frameworks */ = {
			isa = PBXFrameworksBuildPhase;
			buildActionMask = 2147483647;
			files = (
			);
			runOnlyForDeploymentPostprocessing = 0;
		};
		110075A2216224BA00A10A44 /* Frameworks */ = {
			isa = PBXFrameworksBuildPhase;
			buildActionMask = 2147483647;
			files = (
			);
			runOnlyForDeploymentPostprocessing = 0;
		};
/* End PBXFrameworksBuildPhase section */

/* Begin PBXGroup section */
		1100757D216224B700A10A44 = {
			isa = PBXGroup;
			children = (
				11007588216224B700A10A44 /* Fabelizer */,
				1100759D216224BA00A10A44 /* FabelizerTests */,
				110075A8216224BA00A10A44 /* FabelizerUITests */,
				11007587216224B700A10A44 /* Products */,
			);
			sourceTree = "<group>";
		};
		11007587216224B700A10A44 /* Products */ = {
			isa = PBXGroup;
			children = (
				11007586216224B700A10A44 /* Fabelizer.app */,
				1100759A216224BA00A10A44 /* FabelizerTests.xctest */,
				110075A5216224BA00A10A44 /* FabelizerUITests.xctest */,
			);
			name = Products;
			sourceTree = "<group>";
		};
		11007588216224B700A10A44 /* Fabelizer */ = {
			isa = PBXGroup;
			children = (
				11007589216224B700A10A44 /* AppDelegate.swift */,
				1100758B216224B700A10A44 /* ViewController.swift */,
				1100758D216224B700A10A44 /* Main.storyboard */,
				11007590216224BA00A10A44 /* Assets.xcassets */,
				11007592216224BA00A10A44 /* LaunchScreen.storyboard */,
				11007595216224BA00A10A44 /* Info.plist */,
			);
			path = Fabelizer;
			sourceTree = "<group>";
		};
		1100759D216224BA00A10A44 /* FabelizerTests */ = {
			isa = PBXGroup;
			children = (
				1100759E216224BA00A10A44 /* FabelizerTests.swift */,
				110075A0216224BA00A10A44 /* Info.plist */,
			);
			path = FabelizerTests;
			sourceTree = "<group>";
		};
		110075A8216224BA00A10A44 /* FabelizerUITests */ = {
			isa = PBXGroup;
			children = (
				110075A9216224BA00A10A44 /* FabelizerUITests.swift */,
				110075AB216224BA00A10A44 /* Info.plist */,
			);
			path = FabelizerUITests;
			sourceTree = "<group>";
		};
/* End PBXGroup section */

/* Begin PBXNativeTarget section */
		11007585216224B700A10A44 /* Fabelizer */ = {
			isa = PBXNativeTarget;
			buildConfigurationList = 110075AE216224BB00A10A44 /* Build configuration list for PBXNativeTarget "Fabelizer" */;
			buildPhases = (
				11007582216224B700A10A44 /* Sources */,
				11007583216224B700A10A44 /* Frameworks */,
				11007584216224B700A10A44 /* Resources */,
			);
			buildRules = (
			);
			dependencies = (
			);
			name = Fabelizer;
			productName = Fabelizer;
			productReference = 11007586216224B700A10A44 /* Fabelizer.app */;
			productType = "com.apple.product-type.application";
		};
		11007599216224BA00A10A44 /* FabelizerTests */ = {
			isa = PBXNativeTarget;
			buildConfigurationList = 110075B1216224BB00A10A44 /* Build configuration list for PBXNativeTarget "FabelizerTests" */;
			buildPhases = (
				11007596216224BA00A10A44 /* Sources */,
				11007597216224BA00A10A44 /* Frameworks */,
				11007598216224BA00A10A44 /* Resources */,
			);
			buildRules = (
			);
			dependencies = (
				1100759C216224BA00A10A44 /* PBXTargetDependency */,
			);
			name = FabelizerTests;
			productName = FabelizerTests;
			productReference = 1100759A216224BA00A10A44 /* FabelizerTests.xctest */;
			productType = "com.apple.product-type.bundle.unit-test";
		};
		110075A4216224BA00A10A44 /* FabelizerUITests */ = {
			isa = PBXNativeTarget;
			buildConfigurationList = 110075B4216224BB00A10A44 /* Build configuration list for PBXNativeTarget "FabelizerUITests" */;
			buildPhases = (
				110075A1216224BA00A10A44 /* Sources */,
				110075A2216224BA00A10A44 /* Frameworks */,
				110075A3216224BA00A10A44 /* Resources */,
			);
			buildRules = (
			);
			dependencies = (
				110075A7216224BA00A10A44 /* PBXTargetDependency */,
			);
			name = FabelizerUITests;
			productName = FabelizerUITests;
			productReference = 110075A5216224BA00A10A44 /* FabelizerUITests.xctest */;
			productType = "com.apple.product-type.bundle.ui-testing";
		};
/* End PBXNativeTarget section */

/* Begin PBXProject section */
		1100757E216224B700A10A44 /* Project object */ = {
			isa = PBXProject;
			attributes = {
				LastSwiftUpdateCheck = 1000;
				LastUpgradeCheck = 1000;
				ORGANIZATIONNAME = Infinitumus.com;
				TargetAttributes = {
					11007585216224B700A10A44 = {
						CreatedOnToolsVersion = 10.0;
					};
					11007599216224BA00A10A44 = {
						CreatedOnToolsVersion = 10.0;
						TestTargetID = 11007585216224B700A10A44;
					};
					110075A4216224BA00A10A44 = {
						CreatedOnToolsVersion = 10.0;
						TestTargetID = 11007585216224B700A10A44;
					};
				};
			};
			buildConfigurationList = 11007581216224B700A10A44 /* Build configuration list for PBXProject "Fabelizer" */;
			compatibilityVersion = "Xcode 9.3";
			developmentRegion = en;
			hasScannedForEncodings = 0;
			knownRegions = (
				en,
				Base,
			);
			mainGroup = 1100757D216224B700A10A44;
			productRefGroup = 11007587216224B700A10A44 /* Products */;
			projectDirPath = "";
			projectRoot = "";
			targets = (
				11007585216224B700A10A44 /* Fabelizer */,
				11007599216224BA00A10A44 /* FabelizerTests */,
				110075A4216224BA00A10A44 /* FabelizerUITests */,
			);
		};
/* End PBXProject section */

/* Begin PBXResourcesBuildPhase section */
		11007584216224B700A10A44 /* Resources */ = {
			isa = PBXResourcesBuildPhase;
			buildActionMask = 2147483647;
			files = (
				11007594216224BA00A10A44 /* LaunchScreen.storyboard in Resources */,
				11007591216224BA00A10A44 /* Assets.xcassets in Resources */,
				1100758F216224B700A10A44 /* Main.storyboard in Resources */,
			);
			runOnlyForDeploymentPostprocessing = 0;
		};
		11007598216224BA00A10A44 /* Resources */ = {
			isa = PBXResourcesBuildPhase;
			buildActionMask = 2147483647;
			files = (
			);
			runOnlyForDeploymentPostprocessing = 0;
		};
		110075A3216224BA00A10A44 /* Resources */ = {
			isa = PBXResourcesBuildPhase;
			buildActionMask = 2147483647;
			files = (
			);
			runOnlyForDeploymentPostprocessing = 0;
		};
/* End PBXResourcesBuildPhase section */

/* Begin PBXSourcesBuildPhase section */
		11007582216224B700A10A44 /* Sources */ = {
			isa = PBXSourcesBuildPhase;
			buildActionMask = 2147483647;
			files = (
				1100758C216224B700A10A44 /* ViewController.swift in Sources */,
				1100758A216224B700A10A44 /* AppDelegate.swift in Sources */,
			);
			runOnlyForDeploymentPostprocessing = 0;
		};
		11007596216224BA00A10A44 /* Sources */ = {
			isa = PBXSourcesBuildPhase;
			buildActionMask = 2147483647;
			files = (
				1100759F216224BA00A10A44 /* FabelizerTests.swift in Sources */,
			);
			runOnlyForDeploymentPostprocessing = 0;
		};
		110075A1216224BA00A10A44 /* Sources */ = {
			isa = PBXSourcesBuildPhase;
			buildActionMask = 2147483647;
			files = (
				110075AA216224BA00A10A44 /* FabelizerUITests.swift in Sources */,
			);
			runOnlyForDeploymentPostprocessing = 0;
		};
/* End PBXSourcesBuildPhase section */

/* Begin PBXTargetDependency section */
		1100759C216224BA00A10A44 /* PBXTargetDependency */ = {
			isa = PBXTargetDependency;
			target = 11007585216224B700A10A44 /* Fabelizer */;
			targetProxy = 1100759B216224BA00A10A44 /* PBXContainerItemProxy */;
		};
		110075A7216224BA00A10A44 /* PBXTargetDependency */ = {
			isa = PBXTargetDependency;
			target = 11007585216224B700A10A44 /* Fabelizer */;
			targetProxy = 110075A6216224BA00A10A44 /* PBXContainerItemProxy */;
		};
/* End PBXTargetDependency section */

/* Begin PBXVariantGroup section */
		1100758D216224B700A10A44 /* Main.storyboard */ = {
			isa = PBXVariantGroup;
			children = (
				1100758E216224B700A10A44 /* Base */,
			);
			name = Main.storyboard;
			sourceTree = "<group>";
		};
		11007592216224BA00A10A44 /* LaunchScreen.storyboard */ = {
			isa = PBXVariantGroup;
			children = (
				11007593216224BA00A10A44 /* Base */,
			);
			name = LaunchScreen.storyboard;
			sourceTree = "<group>";
		};
/* End PBXVariantGroup section */

/* Begin XCBuildConfiguration section */
		110075AC216224BB00A10A44 /* Debug */ = {
			isa = XCBuildConfiguration;
			buildSettings = {
				ALWAYS_SEARCH_USER_PATHS = NO;
				CLANG_ANALYZER_NONNULL = YES;
				CLANG_ANALYZER_NUMBER_OBJECT_CONVERSION = YES_AGGRESSIVE;
				CLANG_CXX_LANGUAGE_STANDARD = "gnu++14";
				CLANG_CXX_LIBRARY = "libc++";
				CLANG_ENABLE_MODULES = YES;
				CLANG_ENABLE_OBJC_ARC = YES;
				CLANG_ENABLE_OBJC_WEAK = YES;
				CLANG_WARN_BLOCK_CAPTURE_AUTORELEASING = YES;
				CLANG_WARN_BOOL_CONVERSION = YES;
				CLANG_WARN_COMMA = YES;
				CLANG_WARN_CONSTANT_CONVERSION = YES;
				CLANG_WARN_DEPRECATED_OBJC_IMPLEMENTATIONS = YES;
				CLANG_WARN_DIRECT_OBJC_ISA_USAGE = YES_ERROR;
				CLANG_WARN_DOCUMENTATION_COMMENTS = YES;
				CLANG_WARN_EMPTY_BODY = YES;
				CLANG_WARN_ENUM_CONVERSION = YES;
				CLANG_WARN_INFINITE_RECURSION = YES;
				CLANG_WARN_INT_CONVERSION = YES;
				CLANG_WARN_NON_LITERAL_NULL_CONVERSION = YES;
				CLANG_WARN_OBJC_IMPLICIT_RETAIN_SELF = YES;
				CLANG_WARN_OBJC_LITERAL_CONVERSION = YES;
				CLANG_WARN_OBJC_ROOT_CLASS = YES_ERROR;
				CLANG_WARN_RANGE_LOOP_ANALYSIS = YES;
				CLANG_WARN_STRICT_PROTOTYPES = YES;
				CLANG_WARN_SUSPICIOUS_MOVE = YES;
				CLANG_WARN_UNGUARDED_AVAILABILITY = YES_AGGRESSIVE;
				CLANG_WARN_UNREACHABLE_CODE = YES;
				CLANG_WARN__DUPLICATE_METHOD_MATCH = YES;
				CODE_SIGN_IDENTITY = "iPhone Developer";
				COPY_PHASE_STRIP = NO;
				DEBUG_INFORMATION_FORMAT = dwarf;
				ENABLE_STRICT_OBJC_MSGSEND = YES;
				ENABLE_TESTABILITY = YES;
				GCC_C_LANGUAGE_STANDARD = gnu11;
				GCC_DYNAMIC_NO_PIC = NO;
				GCC_NO_COMMON_BLOCKS = YES;
				GCC_OPTIMIZATION_LEVEL = 0;
				GCC_PREPROCESSOR_DEFINITIONS = (
					"DEBUG=1",
					"$(inherited)",
				);
				GCC_WARN_64_TO_32_BIT_CONVERSION = YES;
				GCC_WARN_ABOUT_RETURN_TYPE = YES_ERROR;
				GCC_WARN_UNDECLARED_SELECTOR = YES;
				GCC_WARN_UNINITIALIZED_AUTOS = YES_AGGRESSIVE;
				GCC_WARN_UNUSED_FUNCTION = YES;
				GCC_WARN_UNUSED_VARIABLE = YES;
				IPHONEOS_DEPLOYMENT_TARGET = 12.0;
				MTL_ENABLE_DEBUG_INFO = INCLUDE_SOURCE;
				MTL_FAST_MATH = YES;
				ONLY_ACTIVE_ARCH = YES;
				SDKROOT = iphoneos;
				SWIFT_ACTIVE_COMPILATION_CONDITIONS = DEBUG;
				SWIFT_OPTIMIZATION_LEVEL = "-Onone";
			};
			name = Debug;
		};
		110075AD216224BB00A10A44 /* Release */ = {
			isa = XCBuildConfiguration;
			buildSettings = {
				ALWAYS_SEARCH_USER_PATHS = NO;
				CLANG_ANALYZER_NONNULL = YES;
				CLANG_ANALYZER_NUMBER_OBJECT_CONVERSION = YES_AGGRESSIVE;
				CLANG_CXX_LANGUAGE_STANDARD = "gnu++14";
				CLANG_CXX_LIBRARY = "libc++";
				CLANG_ENABLE_MODULES = YES;
				CLANG_ENABLE_OBJC_ARC = YES;
				CLANG_ENABLE_OBJC_WEAK = YES;
				CLANG_WARN_BLOCK_CAPTURE_AUTORELEASING = YES;
				CLANG_WARN_BOOL_CONVERSION = YES;
				CLANG_WARN_COMMA = YES;
				CLANG_WARN_CONSTANT_CONVERSION = YES;
				CLANG_WARN_DEPRECATED_OBJC_IMPLEMENTATIONS = YES;
				CLANG_WARN_DIRECT_OBJC_ISA_USAGE = YES_ERROR;
				CLANG_WARN_DOCUMENTATION_COMMENTS = YES;
				CLANG_WARN_EMPTY_BODY = YES;
				CLANG_WARN_ENUM_CONVERSION = YES;
				CLANG_WARN_INFINITE_RECURSION = YES;
				CLANG_WARN_INT_CONVERSION = YES;
				CLANG_WARN_NON_LITERAL_NULL_CONVERSION = YES;
				CLANG_WARN_OBJC_IMPLICIT_RETAIN_SELF = YES;
				CLANG_WARN_OBJC_LITERAL_CONVERSION = YES;
				CLANG_WARN_OBJC_ROOT_CLASS = YES_ERROR;
				CLANG_WARN_RANGE_LOOP_ANALYSIS = YES;
				CLANG_WARN_STRICT_PROTOTYPES = YES;
				CLANG_WARN_SUSPICIOUS_MOVE = YES;
				CLANG_WARN_UNGUARDED_AVAILABILITY = YES_AGGRESSIVE;
				CLANG_WARN_UNREACHABLE_CODE = YES;
				CLANG_WARN__DUPLICATE_METHOD_MATCH = YES;
				CODE_SIGN_IDENTITY = "iPhone Developer";
				COPY_PHASE_STRIP = NO;
				DEBUG_INFORMATION_FORMAT = "dwarf-with-dsym";
				ENABLE_NS_ASSERTIONS = NO;
				ENABLE_STRICT_OBJC_MSGSEND = YES;
				GCC_C_LANGUAGE_STANDARD = gnu11;
				GCC_NO_COMMON_BLOCKS = YES;
				GCC_WARN_64_TO_32_BIT_CONVERSION = YES;
				GCC_WARN_ABOUT_RETURN_TYPE = YES_ERROR;
				GCC_WARN_UNDECLARED_SELECTOR = YES;
				GCC_WARN_UNINITIALIZED_AUTOS = YES_AGGRESSIVE;
				GCC_WARN_UNUSED_FUNCTION = YES;
				GCC_WARN_UNUSED_VARIABLE = YES;
				IPHONEOS_DEPLOYMENT_TARGET = 12.0;
				MTL_ENABLE_DEBUG_INFO = NO;
				MTL_FAST_MATH = YES;
				SDKROOT = iphoneos;
				SWIFT_COMPILATION_MODE = wholemodule;
				SWIFT_OPTIMIZATION_LEVEL = "-O";
				VALIDATE_PRODUCT = YES;
			};
			name = Release;
		};
		110075AF216224BB00A10A44 /* Debug */ = {
			isa = XCBuildConfiguration;
			buildSettings = {
				ASSETCATALOG_COMPILER_APPICON_NAME = AppIcon;
				CODE_SIGN_STYLE = Automatic;
				DEVELOPMENT_TEAM = 82BELQ6AHT;
				INFOPLIST_FILE = Fabelizer/Info.plist;
				LD_RUNPATH_SEARCH_PATHS = (
					"$(inherited)",
					"@executable_path/Frameworks",
				);
				PRODUCT_BUNDLE_IDENTIFIER = com.Infinitumus.Fabelizer;
				PRODUCT_NAME = "$(TARGET_NAME)";
				SWIFT_VERSION = 4.2;
				TARGETED_DEVICE_FAMILY = "1,2";
			};
			name = Debug;
		};
		110075B0216224BB00A10A44 /* Release */ = {
			isa = XCBuildConfiguration;
			buildSettings = {
				ASSETCATALOG_COMPILER_APPICON_NAME = AppIcon;
				CODE_SIGN_STYLE = Automatic;
				DEVELOPMENT_TEAM = 82BELQ6AHT;
				INFOPLIST_FILE = Fabelizer/Info.plist;
				LD_RUNPATH_SEARCH_PATHS = (
					"$(inherited)",
					"@executable_path/Frameworks",
				);
				PRODUCT_BUNDLE_IDENTIFIER = com.Infinitumus.Fabelizer;
				PRODUCT_NAME = "$(TARGET_NAME)";
				SWIFT_VERSION = 4.2;
				TARGETED_DEVICE_FAMILY = "1,2";
			};
			name = Release;
		};
		110075B2216224BB00A10A44 /* Debug */ = {
			isa = XCBuildConfiguration;
			buildSettings = {
				ALWAYS_EMBED_SWIFT_STANDARD_LIBRARIES = YES;
				BUNDLE_LOADER = "$(TEST_HOST)";
				CODE_SIGN_STYLE = Automatic;
				DEVELOPMENT_TEAM = 82BELQ6AHT;
				INFOPLIST_FILE = FabelizerTests/Info.plist;
				LD_RUNPATH_SEARCH_PATHS = (
					"$(inherited)",
					"@executable_path/Frameworks",
					"@loader_path/Frameworks",
				);
				PRODUCT_BUNDLE_IDENTIFIER = com.Infinitumus.FabelizerTests;
				PRODUCT_NAME = "$(TARGET_NAME)";
				SWIFT_VERSION = 4.2;
				TARGETED_DEVICE_FAMILY = "1,2";
				TEST_HOST = "$(BUILT_PRODUCTS_DIR)/Fabelizer.app/Fabelizer";
			};
			name = Debug;
		};
		110075B3216224BB00A10A44 /* Release */ = {
			isa = XCBuildConfiguration;
			buildSettings = {
				ALWAYS_EMBED_SWIFT_STANDARD_LIBRARIES = YES;
				BUNDLE_LOADER = "$(TEST_HOST)";
				CODE_SIGN_STYLE = Automatic;
				DEVELOPMENT_TEAM = 82BELQ6AHT;
				INFOPLIST_FILE = FabelizerTests/Info.plist;
				LD_RUNPATH_SEARCH_PATHS = (
					"$(inherited)",
					"@executable_path/Frameworks",
					"@loader_path/Frameworks",
				);
				PRODUCT_BUNDLE_IDENTIFIER = com.Infinitumus.FabelizerTests;
				PRODUCT_NAME = "$(TARGET_NAME)";
				SWIFT_VERSION = 4.2;
				TARGETED_DEVICE_FAMILY = "1,2";
				TEST_HOST = "$(BUILT_PRODUCTS_DIR)/Fabelizer.app/Fabelizer";
			};
			name = Release;
		};
		110075B5216224BB00A10A44 /* Debug */ = {
			isa = XCBuildConfiguration;
			buildSettings = {
				ALWAYS_EMBED_SWIFT_STANDARD_LIBRARIES = YES;
				CODE_SIGN_STYLE = Automatic;
				DEVELOPMENT_TEAM = 82BELQ6AHT;
				INFOPLIST_FILE = FabelizerUITests/Info.plist;
				LD_RUNPATH_SEARCH_PATHS = (
					"$(inherited)",
					"@executable_path/Frameworks",
					"@loader_path/Frameworks",
				);
				PRODUCT_BUNDLE_IDENTIFIER = com.Infinitumus.FabelizerUITests;
				PRODUCT_NAME = "$(TARGET_NAME)";
				SWIFT_VERSION = 4.2;
				TARGETED_DEVICE_FAMILY = "1,2";
				TEST_TARGET_NAME = Fabelizer;
			};
			name = Debug;
		};
		110075B6216224BB00A10A44 /* Release */ = {
			isa = XCBuildConfiguration;
			buildSettings = {
				ALWAYS_EMBED_SWIFT_STANDARD_LIBRARIES = YES;
				CODE_SIGN_STYLE = Automatic;
				DEVELOPMENT_TEAM = 82BELQ6AHT;
				INFOPLIST_FILE = FabelizerUITests/Info.plist;
				LD_RUNPATH_SEARCH_PATHS = (
					"$(inherited)",
					"@executable_path/Frameworks",
					"@loader_path/Frameworks",
				);
				PRODUCT_BUNDLE_IDENTIFIER = com.Infinitumus.FabelizerUITests;
				PRODUCT_NAME = "$(TARGET_NAME)";
				SWIFT_VERSION = 4.2;
				TARGETED_DEVICE_FAMILY = "1,2";
				TEST_TARGET_NAME = Fabelizer;
			};
			name = Release;
		};
/* End XCBuildConfiguration section */

/* Begin XCConfigurationList section */
		11007581216224B700A10A44 /* Build configuration list for PBXProject "Fabelizer" */ = {
			isa = XCConfigurationList;
			buildConfigurations = (
				110075AC216224BB00A10A44 /* Debug */,
				110075AD216224BB00A10A44 /* Release */,
			);
			defaultConfigurationIsVisible = 0;
			defaultConfigurationName = Release;
		};
		110075AE216224BB00A10A44 /* Build configuration list for PBXNativeTarget "Fabelizer" */ = {
			isa = XCConfigurationList;
			buildConfigurations = (
				110075AF216224BB00A10A44 /* Debug */,
				110075B0216224BB00A10A44 /* Release */,
			);
			defaultConfigurationIsVisible = 0;
			defaultConfigurationName = Release;
		};
		110075B1216224BB00A10A44 /* Build configuration list for PBXNativeTarget "FabelizerTests" */ = {
			isa = XCConfigurationList;
			buildConfigurations = (
				110075B2216224BB00A10A44 /* Debug */,
				110075B3216224BB00A10A44 /* Release */,
			);
			defaultConfigurationIsVisible = 0;
			defaultConfigurationName = Release;
		};
		110075B4216224BB00A10A44 /* Build configuration list for PBXNativeTarget "FabelizerUITests" */ = {
			isa = XCConfigurationList;
			buildConfigurations = (
				110075B5216224BB00A10A44 /* Debug */,
				110075B6216224BB00A10A44 /* Release */,
			);
			defaultConfigurationIsVisible = 0;
			defaultConfigurationName = Release;
		};
/* End XCConfigurationList section */
	};
	rootObject = 1100757E216224B700A10A44 /* Project object */;
}
